// !$*UTF8*$!
{
	archiveVersion = 1;
	classes = {
	};
	objectVersion = 77;
	objects = {

/* Begin PBXBuildFile section */
		2A2E0EB32F868AE100CA4529 /* ZIPFoundation in Frameworks */ = {isa = PBXBuildFile; productRef = 2A2E0EB22F868AE100CA4529 /* ZIPFoundation */; };
		2A372AE22F8DE30E003BE776 /* OpenACSwift in Frameworks */ = {isa = PBXBuildFile; productRef = 2A372AE12F8DE30E003BE776 /* OpenACSwift */; };
/* End PBXBuildFile section */

/* Begin PBXContainerItemProxy section */
		2AE67C302F823C0000250118 /* PBXContainerItemProxy */ = {
			isa = PBXContainerItemProxy;
			containerPortal = 2AE67C1A2F823BFE00250118 /* Project object */;
			proxyType = 1;
			remoteGlobalIDString = 2AE67C212F823BFE00250118;
			remoteInfo = OpenACExampleApp;
		};
		2AE67C3A2F823C0000250118 /* PBXContainerItemProxy */ = {
			isa = PBXContainerItemProxy;
			containerPortal = 2AE67C1A2F823BFE00250118 /* Project object */;
			proxyType = 1;
			remoteGlobalIDString = 2AE67C212F823BFE00250118;
			remoteInfo = OpenACExampleApp;
		};
/* End PBXContainerItemProxy section */

/* Begin PBXFileReference section */
		2AE67C222F823BFE00250118 /* OpenACExampleApp.app */ = {isa = PBXFileReference; explicitFileType = wrapper.application; includeInIndex = 0; path = OpenACExampleApp.app; sourceTree = BUILT_PRODUCTS_DIR; };
		2AE67C2F2F823C0000250118 /* OpenACExampleAppTests.xctest */ = {isa = PBXFileReference; explicitFileType = wrapper.cfbundle; includeInIndex = 0; path = OpenACExampleAppTests.xctest; sourceTree = BUILT_PRODUCTS_DIR; };
		2AE67C392F823C0000250118 /* OpenACExampleAppUITests.xctest */ = {isa = PBXFileReference; explicitFileType = wrapper.cfbundle; includeInIndex = 0; path = OpenACExampleAppUITests.xctest; sourceTree = BUILT_PRODUCTS_DIR; };
/* End PBXFileReference section */

/* Begin PBXFileSystemSynchronizedRootGroup section */
		2AE67C242F823BFE00250118 /* OpenACExampleApp */ = {
			isa = PBXFileSystemSynchronizedRootGroup;
			path = OpenACExampleApp;
			sourceTree = "<group>";
		};
		2AE67C322F823C0000250118 /* OpenACExampleAppTests */ = {
			isa = PBXFileSystemSynchronizedRootGroup;
			path = OpenACExampleAppTests;
			sourceTree = "<group>";
		};
		2AE67C3C2F823C0000250118 /* OpenACExampleAppUITests */ = {
			isa = PBXFileSystemSynchronizedRootGroup;
			path = OpenACExampleAppUITests;
			sourceTree = "<group>";
		};
/* End PBXFileSystemSynchronizedRootGroup section */

/* Begin PBXFrameworksBuildPhase section */
		2AE67C1F2F823BFE00250118 /* Frameworks */ = {
			isa = PBXFrameworksBuildPhase;
			buildActionMask = 2147483647;
			files = (
				2A372AE22F8DE30E003BE776 /* OpenACSwift in Frameworks */,
				2A2E0EB32F868AE100CA4529 /* ZIPFoundation in Frameworks */,
			);
			runOnlyForDeploymentPostprocessing = 0;
		};
		2AE67C2C2F823C0000250118 /* Frameworks */ = {
			isa = PBXFrameworksBuildPhase;
			buildActionMask = 2147483647;
			files = (
			);
			runOnlyForDeploymentPostprocessing = 0;
		};
		2AE67C362F823C0000250118 /* Frameworks */ = {
			isa = PBXFrameworksBuildPhase;
			buildActionMask = 2147483647;
			files = (
			);
			runOnlyForDeploymentPostprocessing = 0;
		};
/* End PBXFrameworksBuildPhase section */

/* Begin PBXGroup section */
		2AE67C192F823BFE00250118 = {
			isa = PBXGroup;
			children = (
				2AE67C242F823BFE00250118 /* OpenACExampleApp */,
				2AE67C322F823C0000250118 /* OpenACExampleAppTests */,
				2AE67C3C2F823C0000250118 /* OpenACExampleAppUITests */,
				2AE67C232F823BFE00250118 /* Products */,
			);
			sourceTree = "<group>";
		};
		2AE67C232F823BFE00250118 /* Products */ = {
			isa = PBXGroup;
			children = (
				2AE67C222F823BFE00250118 /* OpenACExampleApp.app */,
				2AE67C2F2F823C0000250118 /* OpenACExampleAppTests.xctest */,
				2AE67C392F823C0000250118 /* OpenACExampleAppUITests.xctest */,
			);
			name = Products;
			sourceTree = "<group>";
		};
/* End PBXGroup section */

/* Begin PBXNativeTarget section */
		2AE67C212F823BFE00250118 /* OpenACExampleApp */ = {
			isa = PBXNativeTarget;
			buildConfigurationList = 2AE67C432F823C0000250118 /* Build configuration list for PBXNativeTarget "OpenACExampleApp" */;
			buildPhases = (
				2AE67C1E2F823BFE00250118 /* Sources */,
				2AE67C1F2F823BFE00250118 /* Frameworks */,
				2AE67C202F823BFE00250118 /* Resources */,
			);
			buildRules = (
			);
			dependencies = (
			);
			fileSystemSynchronizedGroups = (
				2AE67C242F823BFE00250118 /* OpenACExampleApp */,
			);
			name = OpenACExampleApp;
			packageProductDependencies = (
				2A2E0EB22F868AE100CA4529 /* ZIPFoundation */,
				2A372AE12F8DE30E003BE776 /* OpenACSwift */,
			);
			productName = OpenACExampleApp;
			productReference = 2AE67C222F823BFE00250118 /* OpenACExampleApp.app */;
			productType = "com.apple.product-type.application";
		};
		2AE67C2E2F823C0000250118 /* OpenACExampleAppTests */ = {
			isa = PBXNativeTarget;
			buildConfigurationList = 2AE67C462F823C0000250118 /* Build configuration list for PBXNativeTarget "OpenACExampleAppTests" */;
			buildPhases = (
				2AE67C2B2F823C0000250118 /* Sources */,
				2AE67C2C2F823C0000250118 /* Frameworks */,
				2AE67C2D2F823C0000250118 /* Resources */,
			);
			buildRules = (
			);
			dependencies = (
				2AE67C312F823C0000250118 /* PBXTargetDependency */,
			);
			fileSystemSynchronizedGroups = (
				2AE67C322F823C0000250118 /* OpenACExampleAppTests */,
			);
			name = OpenACExampleAppTests;
			packageProductDependencies = (
			);
			productName = OpenACExampleAppTests;
			productReference = 2AE67C2F2F823C0000250118 /* OpenACExampleAppTests.xctest */;
			productType = "com.apple.product-type.bundle.unit-test";
		};
		2AE67C382F823C0000250118 /* OpenACExampleAppUITests */ = {
			isa = PBXNativeTarget;
			buildConfigurationList = 2AE67C492F823C0000250118 /* Build configuration list for PBXNativeTarget "OpenACExampleAppUITests" */;
			buildPhases = (
				2AE67C352F823C0000250118 /* Sources */,
				2AE67C362F823C0000250118 /* Frameworks */,
				2AE67C372F823C0000250118 /* Resources */,
			);
			buildRules = (
			);
			dependencies = (
				2AE67C3B2F823C0000250118 /* PBXTargetDependency */,
			);
			fileSystemSynchronizedGroups = (
				2AE67C3C2F823C0000250118 /* OpenACExampleAppUITests */,
			);
			name = OpenACExampleAppUITests;
			packageProductDependencies = (
			);
			productName = OpenACExampleAppUITests;
			productReference = 2AE67C392F823C0000250118 /* OpenACExampleAppUITests.xctest */;
			productType = "com.apple.product-type.bundle.ui-testing";
		};
/* End PBXNativeTarget section */

/* Begin PBXProject section */
		2AE67C1A2F823BFE00250118 /* Project object */ = {
			isa = PBXProject;
			attributes = {
				BuildIndependentTargetsInParallel = 1;
				LastSwiftUpdateCheck = 2640;
				LastUpgradeCheck = 2640;
				TargetAttributes = {
					2AE67C212F823BFE00250118 = {
						CreatedOnToolsVersion = 26.4;
					};
					2AE67C2E2F823C0000250118 = {
						CreatedOnToolsVersion = 26.4;
						TestTargetID = 2AE67C212F823BFE00250118;
					};
					2AE67C382F823C0000250118 = {
						CreatedOnToolsVersion = 26.4;
						TestTargetID = 2AE67C212F823BFE00250118;
					};
				};
			};
			buildConfigurationList = 2AE67C1D2F823BFE00250118 /* Build configuration list for PBXProject "OpenACExampleApp" */;
			developmentRegion = en;
			hasScannedForEncodings = 0;
			knownRegions = (
				en,
				Base,
			);
			mainGroup = 2AE67C192F823BFE00250118;
			minimizedProjectReferenceProxies = 1;
			packageReferences = (
				2A2E0EB12F868AE100CA4529 /* XCRemoteSwiftPackageReference "ZIPFoundation" */,
				2A372AE02F8DE30E003BE776 /* XCRemoteSwiftPackageReference "OpenACSwift" */,
			);
			preferredProjectObjectVersion = 77;
			productRefGroup = 2AE67C232F823BFE00250118 /* Products */;
			projectDirPath = "";
			projectRoot = "";
			targets = (
				2AE67C212F823BFE00250118 /* OpenACExampleApp */,
				2AE67C2E2F823C0000250118 /* OpenACExampleAppTests */,
				2AE67C382F823C0000250118 /* OpenACExampleAppUITests */,
			);
		};
/* End PBXProject section */

/* Begin PBXResourcesBuildPhase section */
		2AE67C202F823BFE00250118 /* Resources */ = {
			isa = PBXResourcesBuildPhase;
			buildActionMask = 2147483647;
			files = (
			);
			runOnlyForDeploymentPostprocessing = 0;
		};
		2AE67C2D2F823C0000250118 /* Resources */ = {
			isa = PBXResourcesBuildPhase;
			buildActionMask = 2147483647;
			files = (
			);
			runOnlyForDeploymentPostprocessing = 0;
		};
		2AE67C372F823C0000250118 /* Resources */ = {
			isa = PBXResourcesBuildPhase;
			buildActionMask = 2147483647;
			files = (
			);
			runOnlyForDeploymentPostprocessing = 0;
		};
/* End PBXResourcesBuildPhase section */

/* Begin PBXSourcesBuildPhase section */
		2AE67C1E2F823BFE00250118 /* Sources */ = {
			isa = PBXSourcesBuildPhase;
			buildActionMask = 2147483647;
			files = (
			);
			runOnlyForDeploymentPostprocessing = 0;
		};
		2AE67C2B2F823C0000250118 /* Sources */ = {
			isa = PBXSourcesBuildPhase;
			buildActionMask = 2147483647;
			files = (
			);
			runOnlyForDeploymentPostprocessing = 0;
		};
		2AE67C352F823C0000250118 /* Sources */ = {
			isa = PBXSourcesBuildPhase;
			buildActionMask = 2147483647;
			files = (
			);
			runOnlyForDeploymentPostprocessing = 0;
		};
/* End PBXSourcesBuildPhase section */

/* Begin PBXTargetDependency section */
		2AE67C312F823C0000250118 /* PBXTargetDependency */ = {
			isa = PBXTargetDependency;
			target = 2AE67C212F823BFE00250118 /* OpenACExampleApp */;
			targetProxy = 2AE67C302F823C0000250118 /* PBXContainerItemProxy */;
		};
		2AE67C3B2F823C0000250118 /* PBXTargetDependency */ = {
			isa = PBXTargetDependency;
			target = 2AE67C212F823BFE00250118 /* OpenACExampleApp */;
			targetProxy = 2AE67C3A2F823C0000250118 /* PBXContainerItemProxy */;
		};
/* End PBXTargetDependency section */

/* Begin XCBuildConfiguration section */
		2AE67C412F823C0000250118 /* Debug */ = {
			isa = XCBuildConfiguration;
			buildSettings = {
				ALWAYS_SEARCH_USER_PATHS = NO;
				ASSETCATALOG_COMPILER_GENERATE_SWIFT_ASSET_SYMBOL_EXTENSIONS = YES;
				CLANG_ANALYZER_NONNULL = YES;
				CLANG_ANALYZER_NUMBER_OBJECT_CONVERSION = YES_AGGRESSIVE;
				CLANG_CXX_LANGUAGE_STANDARD = "gnu++20";
				CLANG_ENABLE_MODULES = YES;
				CLANG_ENABLE_OBJC_ARC = YES;
				CLANG_ENABLE_OBJC_WEAK = YES;
				CLANG_WARN_BLOCK_CAPTURE_AUTORELEASING = YES;
				CLANG_WARN_BOOL_CONVERSION = YES;
				CLANG_WARN_COMMA = YES;
				CLANG_WARN_CONSTANT_CONVERSION = YES;
				CLANG_WARN_DEPRECATED_OBJC_IMPLEMENTATIONS = YES;
				CLANG_WARN_DIRECT_OBJC_ISA_USAGE = YES_ERROR;
				CLANG_WARN_DOCUMENTATION_COMMENTS = YES;
				CLANG_WARN_EMPTY_BODY = YES;
				CLANG_WARN_ENUM_CONVERSION = YES;
				CLANG_WARN_INFINITE_RECURSION = YES;
				CLANG_WARN_INT_CONVERSION = YES;
				CLANG_WARN_NON_LITERAL_NULL_CONVERSION = YES;
				CLANG_WARN_OBJC_IMPLICIT_RETAIN_SELF = YES;
				CLANG_WARN_OBJC_LITERAL_CONVERSION = YES;
				CLANG_WARN_OBJC_ROOT_CLASS = YES_ERROR;
				CLANG_WARN_QUOTED_INCLUDE_IN_FRAMEWORK_HEADER = YES;
				CLANG_WARN_RANGE_LOOP_ANALYSIS = YES;
				CLANG_WARN_STRICT_PROTOTYPES = YES;
				CLANG_WARN_SUSPICIOUS_MOVE = YES;
				CLANG_WARN_UNGUARDED_AVAILABILITY = YES_AGGRESSIVE;
				CLANG_WARN_UNREACHABLE_CODE = YES;
				CLANG_WARN__DUPLICATE_METHOD_MATCH = YES;
				COPY_PHASE_STRIP = NO;
				DEBUG_INFORMATION_FORMAT = dwarf;
				ENABLE_STRICT_OBJC_MSGSEND = YES;
				ENABLE_TESTABILITY = YES;
				ENABLE_USER_SCRIPT_SANDBOXING = YES;
				GCC_C_LANGUAGE_STANDARD = gnu17;
				GCC_DYNAMIC_NO_PIC = NO;
				GCC_NO_COMMON_BLOCKS = YES;
				GCC_OPTIMIZATION_LEVEL = 0;
				GCC_PREPROCESSOR_DEFINITIONS = (
					"DEBUG=1",
					"$(inherited)",
				);
				GCC_WARN_64_TO_32_BIT_CONVERSION = YES;
				GCC_WARN_ABOUT_RETURN_TYPE = YES_ERROR;
				GCC_WARN_UNDECLARED_SELECTOR = YES;
				GCC_WARN_UNINITIALIZED_AUTOS = YES_AGGRESSIVE;
				GCC_WARN_UNUSED_FUNCTION = YES;
				GCC_WARN_UNUSED_VARIABLE = YES;
				IPHONEOS_DEPLOYMENT_TARGET = 26.4;
				LOCALIZATION_PREFERS_STRING_CATALOGS = YES;
				MTL_ENABLE_DEBUG_INFO = INCLUDE_SOURCE;
				MTL_FAST_MATH = YES;
				ONLY_ACTIVE_ARCH = YES;
				SDKROOT = iphoneos;
				SWIFT_ACTIVE_COMPILATION_CONDITIONS = "DEBUG $(inherited)";
				SWIFT_OPTIMIZATION_LEVEL = "-Onone";
			};
			name = Debug;
		};
		2AE67C422F823C0000250118 /* Release */ = {
			isa = XCBuildConfiguration;
			buildSettings = {
				ALWAYS_SEARCH_USER_PATHS = NO;
				ASSETCATALOG_COMPILER_GENERATE_SWIFT_ASSET_SYMBOL_EXTENSIONS = YES;
				CLANG_ANALYZER_NONNULL = YES;
				CLANG_ANALYZER_NUMBER_OBJECT_CONVERSION = YES_AGGRESSIVE;
				CLANG_CXX_LANGUAGE_STANDARD = "gnu++20";
				CLANG_ENABLE_MODULES = YES;
				CLANG_ENABLE_OBJC_ARC = YES;
				CLANG_ENABLE_OBJC_WEAK = YES;
				CLANG_WARN_BLOCK_CAPTURE_AUTORELEASING = YES;
				CLANG_WARN_BOOL_CONVERSION = YES;
				CLANG_WARN_COMMA = YES;
				CLANG_WARN_CONSTANT_CONVERSION = YES;
				CLANG_WARN_DEPRECATED_OBJC_IMPLEMENTATIONS = YES;
				CLANG_WARN_DIRECT_OBJC_ISA_USAGE = YES_ERROR;
				CLANG_WARN_DOCUMENTATION_COMMENTS = YES;
				CLANG_WARN_EMPTY_BODY = YES;
				CLANG_WARN_ENUM_CONVERSION = YES;
				CLANG_WARN_INFINITE_RECURSION = YES;
				CLANG_WARN_INT_CONVERSION = YES;
				CLANG_WARN_NON_LITERAL_NULL_CONVERSION = YES;
				CLANG_WARN_OBJC_IMPLICIT_RETAIN_SELF = YES;
				CLANG_WARN_OBJC_LITERAL_CONVERSION = YES;
				CLANG_WARN_OBJC_ROOT_CLASS = YES_ERROR;
				CLANG_WARN_QUOTED_INCLUDE_IN_FRAMEWORK_HEADER = YES;
				CLANG_WARN_RANGE_LOOP_ANALYSIS = YES;
				CLANG_WARN_STRICT_PROTOTYPES = YES;
				CLANG_WARN_SUSPICIOUS_MOVE = YES;
				CLANG_WARN_UNGUARDED_AVAILABILITY = YES_AGGRESSIVE;
				CLANG_WARN_UNREACHABLE_CODE = YES;
				CLANG_WARN__DUPLICATE_METHOD_MATCH = YES;
				COPY_PHASE_STRIP = NO;
				DEBUG_INFORMATION_FORMAT = "dwarf-with-dsym";
				ENABLE_NS_ASSERTIONS = NO;
				ENABLE_STRICT_OBJC_MSGSEND = YES;
				ENABLE_TESTABILITY = YES;
				ENABLE_USER_SCRIPT_SANDBOXING = YES;
				GCC_C_LANGUAGE_STANDARD = gnu17;
				GCC_NO_COMMON_BLOCKS = YES;
				GCC_WARN_64_TO_32_BIT_CONVERSION = YES;
				GCC_WARN_ABOUT_RETURN_TYPE = YES_ERROR;
				GCC_WARN_UNDECLARED_SELECTOR = YES;
				GCC_WARN_UNINITIALIZED_AUTOS = YES_AGGRESSIVE;
				GCC_WARN_UNUSED_FUNCTION = YES;
				GCC_WARN_UNUSED_VARIABLE = YES;
				IPHONEOS_DEPLOYMENT_TARGET = 26.4;
				LOCALIZATION_PREFERS_STRING_CATALOGS = YES;
				MTL_ENABLE_DEBUG_INFO = NO;
				MTL_FAST_MATH = YES;
				SDKROOT = iphoneos;
				SWIFT_COMPILATION_MODE = wholemodule;
				VALIDATE_PRODUCT = YES;
			};
			name = Release;
		};
		2AE67C442F823C0000250118 /* Debug */ = {
			isa = XCBuildConfiguration;
			buildSettings = {
				ASSETCATALOG_COMPILER_APPICON_NAME = AppIcon;
				ASSETCATALOG_COMPILER_GLOBAL_ACCENT_COLOR_NAME = AccentColor;
				CODE_SIGN_IDENTITY = "Apple Development";
				CODE_SIGN_STYLE = Automatic;
				CURRENT_PROJECT_VERSION = 1;
				DEVELOPMENT_TEAM = N3ESL929H7;
				ENABLE_PREVIEWS = YES;
				GENERATE_INFOPLIST_FILE = NO;
				INFOPLIST_FILE = Info.plist;
				IPHONEOS_DEPLOYMENT_TARGET = 26.0;
				LD_RUNPATH_SEARCH_PATHS = (
					"$(inherited)",
					"@executable_path/Frameworks",
				);
				MARKETING_VERSION = 1.0;
				PRODUCT_BUNDLE_IDENTIFIER = mopro.OpenACExampleApp;
				PRODUCT_NAME = "$(TARGET_NAME)";
				PROVISIONING_PROFILE_SPECIFIER = "";
				STRING_CATALOG_GENERATE_SYMBOLS = YES;
				SWIFT_APPROACHABLE_CONCURRENCY = YES;
				SWIFT_DEFAULT_ACTOR_ISOLATION = MainActor;
				SWIFT_EMIT_LOC_STRINGS = YES;
				SWIFT_UPCOMING_FEATURE_MEMBER_IMPORT_VISIBILITY = YES;
				SWIFT_VERSION = 5.0;
				TARGETED_DEVICE_FAMILY = "1,2";
			};
			name = Debug;
		};
		2AE67C452F823C0000250118 /* Release */ = {
			isa = XCBuildConfiguration;
			buildSettings = {
				ASSETCATALOG_COMPILER_APPICON_NAME = AppIcon;
				ASSETCATALOG_COMPILER_GLOBAL_ACCENT_COLOR_NAME = AccentColor;
				CODE_SIGN_IDENTITY = "Apple Development";
				CODE_SIGN_STYLE = Automatic;
				CURRENT_PROJECT_VERSION = 1;
				DEVELOPMENT_TEAM = N3ESL929H7;
				ENABLE_PREVIEWS = YES;
				GENERATE_INFOPLIST_FILE = NO;
				INFOPLIST_FILE = Info.plist;
				IPHONEOS_DEPLOYMENT_TARGET = 26.0;
				LD_RUNPATH_SEARCH_PATHS = (
					"$(inherited)",
					"@executable_path/Frameworks",
				);
				MARKETING_VERSION = 1.0;
				PRODUCT_BUNDLE_IDENTIFIER = mopro.OpenACExampleApp;
				PRODUCT_NAME = "$(TARGET_NAME)";
				PROVISIONING_PROFILE_SPECIFIER = "";
				STRING_CATALOG_GENERATE_SYMBOLS = YES;
				SWIFT_APPROACHABLE_CONCURRENCY = YES;
				SWIFT_DEFAULT_ACTOR_ISOLATION = MainActor;
				SWIFT_EMIT_LOC_STRINGS = YES;
				SWIFT_UPCOMING_FEATURE_MEMBER_IMPORT_VISIBILITY = YES;
				SWIFT_VERSION = 5.0;
				TARGETED_DEVICE_FAMILY = "1,2";
			};
			name = Release;
		};
		2AE67C472F823C0000250118 /* Debug */ = {
			isa = XCBuildConfiguration;
			buildSettings = {
				BUNDLE_LOADER = "$(TEST_HOST)";
				CODE_SIGN_STYLE = Automatic;
				CURRENT_PROJECT_VERSION = 1;
				GENERATE_INFOPLIST_FILE = YES;
				IPHONEOS_DEPLOYMENT_TARGET = 26.4;
				MARKETING_VERSION = 1.0;
				PRODUCT_BUNDLE_IDENTIFIER = mopro.OpenACExampleAppTests;
				PRODUCT_NAME = "$(TARGET_NAME)";
				STRING_CATALOG_GENERATE_SYMBOLS = NO;
				SWIFT_APPROACHABLE_CONCURRENCY = YES;
				SWIFT_EMIT_LOC_STRINGS = NO;
				SWIFT_UPCOMING_FEATURE_MEMBER_IMPORT_VISIBILITY = YES;
				SWIFT_VERSION = 5.0;
				TARGETED_DEVICE_FAMILY = "1,2";
				TEST_HOST = "$(BUILT_PRODUCTS_DIR)/OpenACExampleApp.app/$(BUNDLE_EXECUTABLE_FOLDER_PATH)/OpenACExampleApp";
			};
			name = Debug;
		};
		2AE67C482F823C0000250118 /* Release */ = {
			isa = XCBuildConfiguration;
			buildSettings = {
				BUNDLE_LOADER = "$(TEST_HOST)";
				CODE_SIGN_STYLE = Automatic;
				CURRENT_PROJECT_VERSION = 1;
				GENERATE_INFOPLIST_FILE = YES;
				IPHONEOS_DEPLOYMENT_TARGET = 26.4;
				MARKETING_VERSION = 1.0;
				PRODUCT_BUNDLE_IDENTIFIER = mopro.OpenACExampleAppTests;
				PRODUCT_NAME = "$(TARGET_NAME)";
				STRING_CATALOG_GENERATE_SYMBOLS = NO;
				SWIFT_APPROACHABLE_CONCURRENCY = YES;
				SWIFT_EMIT_LOC_STRINGS = NO;
				SWIFT_UPCOMING_FEATURE_MEMBER_IMPORT_VISIBILITY = YES;
				SWIFT_VERSION = 5.0;
				TARGETED_DEVICE_FAMILY = "1,2";
				TEST_HOST = "$(BUILT_PRODUCTS_DIR)/OpenACExampleApp.app/$(BUNDLE_EXECUTABLE_FOLDER_PATH)/OpenACExampleApp";
			};
			name = Release;
		};
		2AE67C4A2F823C0000250118 /* Debug */ = {
			isa = XCBuildConfiguration;
			buildSettings = {
				CODE_SIGN_STYLE = Automatic;
				CURRENT_PROJECT_VERSION = 1;
				GENERATE_INFOPLIST_FILE = YES;
				MARKETING_VERSION = 1.0;
				PRODUCT_BUNDLE_IDENTIFIER = mopro.OpenACExampleAppUITests;
				PRODUCT_NAME = "$(TARGET_NAME)";
				STRING_CATALOG_GENERATE_SYMBOLS = NO;
				SWIFT_APPROACHABLE_CONCURRENCY = YES;
				SWIFT_EMIT_LOC_STRINGS = NO;
				SWIFT_UPCOMING_FEATURE_MEMBER_IMPORT_VISIBILITY = YES;
				SWIFT_VERSION = 5.0;
				TARGETED_DEVICE_FAMILY = "1,2";
				TEST_TARGET_NAME = OpenACExampleApp;
			};
			name = Debug;
		};
		2AE67C4B2F823C0000250118 /* Release */ = {
			isa = XCBuildConfiguration;
			buildSettings = {
				CODE_SIGN_STYLE = Automatic;
				CURRENT_PROJECT_VERSION = 1;
				GENERATE_INFOPLIST_FILE = YES;
				MARKETING_VERSION = 1.0;
				PRODUCT_BUNDLE_IDENTIFIER = mopro.OpenACExampleAppUITests;
				PRODUCT_NAME = "$(TARGET_NAME)";
				STRING_CATALOG_GENERATE_SYMBOLS = NO;
				SWIFT_APPROACHABLE_CONCURRENCY = YES;
				SWIFT_EMIT_LOC_STRINGS = NO;
				SWIFT_UPCOMING_FEATURE_MEMBER_IMPORT_VISIBILITY = YES;
				SWIFT_VERSION = 5.0;
				TARGETED_DEVICE_FAMILY = "1,2";
				TEST_TARGET_NAME = OpenACExampleApp;
			};
			name = Release;
		};
/* End XCBuildConfiguration section */

/* Begin XCConfigurationList section */
		2AE67C1D2F823BFE00250118 /* Build configuration list for PBXProject "OpenACExampleApp" */ = {
			isa = XCConfigurationList;
			buildConfigurations = (
				2AE67C412F823C0000250118 /* Debug */,
				2AE67C422F823C0000250118 /* Release */,
			);
			defaultConfigurationIsVisible = 0;
			defaultConfigurationName = Release;
		};
		2AE67C432F823C0000250118 /* Build configuration list for PBXNativeTarget "OpenACExampleApp" */ = {
			isa = XCConfigurationList;
			buildConfigurations = (
				2AE67C442F823C0000250118 /* Debug */,
				2AE67C452F823C0000250118 /* Release */,
			);
			defaultConfigurationIsVisible = 0;
			defaultConfigurationName = Release;
		};
		2AE67C462F823C0000250118 /* Build configuration list for PBXNativeTarget "OpenACExampleAppTests" */ = {
			isa = XCConfigurationList;
			buildConfigurations = (
				2AE67C472F823C0000250118 /* Debug */,
				2AE67C482F823C0000250118 /* Release */,
			);
			defaultConfigurationIsVisible = 0;
			defaultConfigurationName = Release;
		};
		2AE67C492F823C0000250118 /* Build configuration list for PBXNativeTarget "OpenACExampleAppUITests" */ = {
			isa = XCConfigurationList;
			buildConfigurations = (
				2AE67C4A2F823C0000250118 /* Debug */,
				2AE67C4B2F823C0000250118 /* Release */,
			);
			defaultConfigurationIsVisible = 0;
			defaultConfigurationName = Release;
		};
/* End XCConfigurationList section */

/* Begin XCRemoteSwiftPackageReference section */
		2A2E0EB12F868AE100CA4529 /* XCRemoteSwiftPackageReference "ZIPFoundation" */ = {
			isa = XCRemoteSwiftPackageReference;
			repositoryURL = "https://github.com/weichsel/ZIPFoundation";
			requirement = {
				kind = upToNextMajorVersion;
				minimumVersion = 0.9.20;
			};
		};
		2A372AE02F8DE30E003BE776 /* XCRemoteSwiftPackageReference "OpenACSwift" */ = {
			isa = XCRemoteSwiftPackageReference;
			repositoryURL = "https://github.com/zkmopro/OpenACSwift";
			requirement = {
				branch = main;
				kind = branch;
			};
		};
/* End XCRemoteSwiftPackageReference section */

/* Begin XCSwiftPackageProductDependency section */
		2A2E0EB22F868AE100CA4529 /* ZIPFoundation */ = {
			isa = XCSwiftPackageProductDependency;
			package = 2A2E0EB12F868AE100CA4529 /* XCRemoteSwiftPackageReference "ZIPFoundation" */;
			productName = ZIPFoundation;
		};
		2A372AE12F8DE30E003BE776 /* OpenACSwift */ = {
			isa = XCSwiftPackageProductDependency;
			package = 2A372AE02F8DE30E003BE776 /* XCRemoteSwiftPackageReference "OpenACSwift" */;
			productName = OpenACSwift;
		};
/* End XCSwiftPackageProductDependency section */
	};
	rootObject = 2AE67C1A2F823BFE00250118 /* Project object */;
}
